
Microsoft Visual Studio Solution File, Format Version 12.00
# Visual Studio Version 17
VisualStudioVersion = 17.1.31911.260
MinimumVisualStudioVersion = 10.0.40219.1
Project("{FAE04EC0-301F-11D3-BF4B-00C04F79EFBC}") = "ChatFromMMF", "ChatFromMMF\ChatFromMMF.csproj", "{2D4C7883-1D8F-4701-A2C7-0C784465C456}"
EndProject
Global
	GlobalSection(SolutionConfigurationPlatforms) = preSolution
		Debug|Any CPU = Debug|Any CPU
		Release|Any CPU = Release|Any CPU
	EndGlobalSection
	GlobalSection(ProjectConfigurationPlatforms) = postSolution
		{2D4C7883-1D8F-4701-A2C7-0C784465C456}.Debug|Any CPU.ActiveCfg = Debug|Any CPU
		{2D4C7883-1D8F-4701-A2C7-0C784465C456}.Debug|Any CPU.Build.0 = Debug|Any CPU
		{2D4C7883-1D8F-4701-A2C7-0C784465C456}.Release|Any CPU.ActiveCfg = Release|Any CPU
		{2D4C7883-1D8F-4701-A2C7-0C784465C456}.Release|Any CPU.Build.0 = Release|Any CPU
	EndGlobalSection
	GlobalSection(SolutionProperties) = preSolution
		HideSolutionNode = FALSE
	EndGlobalSection
	GlobalSection(ExtensibilityGlobals) = postSolution
		SolutionGuid = {7CDB341E-78C5-4F03-B2E5-658D83B48758}
	EndGlobalSection
EndGlobal
